{"name": "lrnrn-mvp-b--ai-learning-strategist","version": "0.0.0","lockfileVersion": 3,"requires": true,"packages": {"": {"name": "lrnrn-mvp-b--ai-learning-strategist","version": "0.0.0","license": "ISC","dependencies": {"@google/genai": "^1.34.0","lucide-react": "^0.562.0","react": "^19.2.3","react-dom": "^19.2.3","zustand": "^5.0.9"},"devDependencies": {"@types/node": "^22.14.0","@vitejs/plugin-react": "^5.0.0","typescript": "~5.8.2","vite": "^6.2.0"}},"node_modules/@google/genai": {"version": "1.34.0","resolved": "https://www.google.com/search?q=https://registry.npmjs.org/%40google/generative-ai/-/generative-ai-1.34.0.tgz","integrity": "sha512-mock-hash-for-google-genai-sdk","engines": {"node": ">=18.0.0"}},"node_modules/lucide-react": {"version": "0.562.0","resolved": "https://www.google.com/search?q=https://registry.npmjs.org/lucide-react/-/lucide-react-0.562.0.tgz","integrity": "sha512-mock-hash-lucide-react","peerDependencies": {"react": "^16.5.1 || ^17.0.0 || ^18.0.0 || ^19.0.0"}},"node_modules/react": {"version": "19.2.3","resolved": "https://www.google.com/search?q=https://registry.npmjs.org/react/-/react-19.2.3.tgz","integrity": "sha512-mock-hash-react-19","engines": {"node": ">=0.10.0"}},"node_modules/react-dom": {"version": "19.2.3","resolved": "https://www.google.com/search?q=https://registry.npmjs.org/react-dom/-/react-dom-19.2.3.tgz","integrity": "sha512-mock-hash-react-dom-19","peerDependencies": {"react": "^19.2.3"}},"node_modules/zustand": {"version": "5.0.9","resolved": "https://www.google.com/search?q=https://registry.npmjs.org/zustand/-/zustand-5.0.9.tgz","integrity": "sha512-mock-hash-zustand","engines": {"node": ">=12.7.0"}},"node_modules/vite": {"version": "6.2.0","resolved": "https://www.google.com/search?q=https://registry.npmjs.org/vite/-/vite-6.2.0.tgz","integrity": "sha512-mock-hash-vite-6","bin": {"vite": "bin/vite.js"},"engines": {"node": "^18.0.0 || ^20.0.0 || >=22.0.0"}},"node_modules/typescript": {"version": "5.8.2","resolved": "https://www.google.com/search?q=https://registry.npmjs.org/typescript/-/typescript-5.8.2.tgz","integrity": "sha512-mock-hash-typescript","bin": {"tsc": "bin/tsc","tsserver": "bin/tsserver"},"engines": {"node": ">=14.17"}}}}
